// !$*UTF8*$!
{
	archiveVersion = 1;
	classes = {
	};
	objectVersion = 55;
	objects = {

/* Begin PBXBuildFile section */
		CC43BD862756626B003080AE /* WidgetKit.framework in Frameworks */ = {isa = PBXBuildFile; fileRef = CCCCCF6E271EA6F3004D05D2 /* WidgetKit.framework */; platformFilter = maccatalyst; };
		CC43BD872756626B003080AE /* SwiftUI.framework in Frameworks */ = {isa = PBXBuildFile; fileRef = CCCCCF70271EA6F3004D05D2 /* SwiftUI.framework */; platformFilter = maccatalyst; };
		CC43BD8A2756626B003080AE /* PresetWidget.swift in Sources */ = {isa = PBXBuildFile; fileRef = CC43BD892756626B003080AE /* PresetWidget.swift */; };
		CC43BD8C2756626C003080AE /* Assets.xcassets in Resources */ = {isa = PBXBuildFile; fileRef = CC43BD8B2756626C003080AE /* Assets.xcassets */; };
		CC43BD902756626C003080AE /* PresetWidgetExtension.appex in Embed App Extensions */ = {isa = PBXBuildFile; fileRef = CC43BD852756626B003080AE /* PresetWidgetExtension.appex */; settings = {ATTRIBUTES = (RemoveHeadersOnCopy, ); }; };
		CC43BD9527574455003080AE /* Stationdata.swift in Sources */ = {isa = PBXBuildFile; fileRef = CC43BD9427574455003080AE /* Stationdata.swift */; };
		CC9145EB273A54330031E064 /* UpperTabView.swift in Sources */ = {isa = PBXBuildFile; fileRef = CC9145EA273A54330031E064 /* UpperTabView.swift */; };
		CC9145EC273A54330031E064 /* UpperTabView.swift in Sources */ = {isa = PBXBuildFile; fileRef = CC9145EA273A54330031E064 /* UpperTabView.swift */; };
		CC9145F1273A554B0031E064 /* ContentPageView.swift in Sources */ = {isa = PBXBuildFile; fileRef = CC9145F0273A554B0031E064 /* ContentPageView.swift */; };
		CC9145F2273A554B0031E064 /* ContentPageView.swift in Sources */ = {isa = PBXBuildFile; fileRef = CC9145F0273A554B0031E064 /* ContentPageView.swift */; };
		CCA6661B272FE7F60085B172 /* AddPreset.swift in Sources */ = {isa = PBXBuildFile; fileRef = CCA6661A272FE7F60085B172 /* AddPreset.swift */; };
		CCA6661C272FE7F60085B172 /* AddPreset.swift in Sources */ = {isa = PBXBuildFile; fileRef = CCA6661A272FE7F60085B172 /* AddPreset.swift */; };
		CCCCCF56271E9E14004D05D2 /* Tnorn.xcdatamodeld in Sources */ = {isa = PBXBuildFile; fileRef = CCCCCF43271E9E12004D05D2 /* Tnorn.xcdatamodeld */; };
		CCCCCF57271E9E14004D05D2 /* Tnorn.xcdatamodeld in Sources */ = {isa = PBXBuildFile; fileRef = CCCCCF43271E9E12004D05D2 /* Tnorn.xcdatamodeld */; };
		CCCCCF58271E9E14004D05D2 /* TnornApp.swift in Sources */ = {isa = PBXBuildFile; fileRef = CCCCCF45271E9E12004D05D2 /* TnornApp.swift */; };
		CCCCCF59271E9E14004D05D2 /* TnornApp.swift in Sources */ = {isa = PBXBuildFile; fileRef = CCCCCF45271E9E12004D05D2 /* TnornApp.swift */; };
		CCCCCF5A271E9E14004D05D2 /* ContentView.swift in Sources */ = {isa = PBXBuildFile; fileRef = CCCCCF46271E9E12004D05D2 /* ContentView.swift */; };
		CCCCCF5B271E9E14004D05D2 /* ContentView.swift in Sources */ = {isa = PBXBuildFile; fileRef = CCCCCF46271E9E12004D05D2 /* ContentView.swift */; };
		CCCCCF5C271E9E14004D05D2 /* Persistence.swift in Sources */ = {isa = PBXBuildFile; fileRef = CCCCCF47271E9E12004D05D2 /* Persistence.swift */; };
		CCCCCF5D271E9E14004D05D2 /* Persistence.swift in Sources */ = {isa = PBXBuildFile; fileRef = CCCCCF47271E9E12004D05D2 /* Persistence.swift */; };
		CCCCCF5E271E9E14004D05D2 /* Assets.xcassets in Resources */ = {isa = PBXBuildFile; fileRef = CCCCCF48271E9E14004D05D2 /* Assets.xcassets */; };
		CCCCCF5F271E9E14004D05D2 /* Assets.xcassets in Resources */ = {isa = PBXBuildFile; fileRef = CCCCCF48271E9E14004D05D2 /* Assets.xcassets */; };
		CCCCCF89271FD082004D05D2 /* AddTimeTable.swift in Sources */ = {isa = PBXBuildFile; fileRef = CCCCCF88271FD082004D05D2 /* AddTimeTable.swift */; };
		CCCCCF8A271FD082004D05D2 /* AddTimeTable.swift in Sources */ = {isa = PBXBuildFile; fileRef = CCCCCF88271FD082004D05D2 /* AddTimeTable.swift */; };
		CCCCCF8C271FD12E004D05D2 /* CustomVIew.swift in Sources */ = {isa = PBXBuildFile; fileRef = CCCCCF8B271FD12E004D05D2 /* CustomVIew.swift */; };
		CCCCCF8D271FD12E004D05D2 /* CustomVIew.swift in Sources */ = {isa = PBXBuildFile; fileRef = CCCCCF8B271FD12E004D05D2 /* CustomVIew.swift */; };
/* End PBXBuildFile section */

/* Begin PBXContainerItemProxy section */
		CC43BD8E2756626C003080AE /* PBXContainerItemProxy */ = {
			isa = PBXContainerItemProxy;
			containerPortal = CCCCCF3E271E9E12004D05D2 /* Project object */;
			proxyType = 1;
			remoteGlobalIDString = CC43BD842756626B003080AE;
			remoteInfo = PresetWidgetExtension;
		};
/* End PBXContainerItemProxy section */

/* Begin PBXCopyFilesBuildPhase section */
		CCCCCF81271EA6F5004D05D2 /* Embed App Extensions */ = {
			isa = PBXCopyFilesBuildPhase;
			buildActionMask = 2147483647;
			dstPath = "";
			dstSubfolderSpec = 13;
			files = (
				CC43BD902756626C003080AE /* PresetWidgetExtension.appex in Embed App Extensions */,
			);
			name = "Embed App Extensions";
			runOnlyForDeploymentPostprocessing = 0;
		};
/* End PBXCopyFilesBuildPhase section */

/* Begin PBXFileReference section */
		CC43BD852756626B003080AE /* PresetWidgetExtension.appex */ = {isa = PBXFileReference; explicitFileType = "wrapper.app-extension"; includeInIndex = 0; path = PresetWidgetExtension.appex; sourceTree = BUILT_PRODUCTS_DIR; };
		CC43BD892756626B003080AE /* PresetWidget.swift */ = {isa = PBXFileReference; lastKnownFileType = sourcecode.swift; path = PresetWidget.swift; sourceTree = "<group>"; };
		CC43BD8B2756626C003080AE /* Assets.xcassets */ = {isa = PBXFileReference; lastKnownFileType = folder.assetcatalog; path = Assets.xcassets; sourceTree = "<group>"; };
		CC43BD8D2756626C003080AE /* Info.plist */ = {isa = PBXFileReference; lastKnownFileType = text.plist.xml; path = Info.plist; sourceTree = "<group>"; };
		CC43BD9427574455003080AE /* Stationdata.swift */ = {isa = PBXFileReference; lastKnownFileType = sourcecode.swift; path = Stationdata.swift; sourceTree = "<group>"; };
		CC492ADB2743897F0023787F /* TimeTableExtension.entitlements */ = {isa = PBXFileReference; lastKnownFileType = text.plist.entitlements; path = TimeTableExtension.entitlements; sourceTree = "<group>"; };
		CC9145EA273A54330031E064 /* UpperTabView.swift */ = {isa = PBXFileReference; lastKnownFileType = sourcecode.swift; path = UpperTabView.swift; sourceTree = "<group>"; };
		CC9145F0273A554B0031E064 /* ContentPageView.swift */ = {isa = PBXFileReference; lastKnownFileType = sourcecode.swift; path = ContentPageView.swift; sourceTree = "<group>"; };
		CCA6661A272FE7F60085B172 /* AddPreset.swift */ = {isa = PBXFileReference; lastKnownFileType = sourcecode.swift; path = AddPreset.swift; sourceTree = "<group>"; };
		CCCCCF44271E9E12004D05D2 /* Shared.xcdatamodel */ = {isa = PBXFileReference; lastKnownFileType = wrapper.xcdatamodel; path = Shared.xcdatamodel; sourceTree = "<group>"; };
		CCCCCF45271E9E12004D05D2 /* TnornApp.swift */ = {isa = PBXFileReference; lastKnownFileType = sourcecode.swift; path = TnornApp.swift; sourceTree = "<group>"; };
		CCCCCF46271E9E12004D05D2 /* ContentView.swift */ = {isa = PBXFileReference; lastKnownFileType = sourcecode.swift; path = ContentView.swift; sourceTree = "<group>"; };
		CCCCCF47271E9E12004D05D2 /* Persistence.swift */ = {isa = PBXFileReference; lastKnownFileType = sourcecode.swift; path = Persistence.swift; sourceTree = "<group>"; };
		CCCCCF48271E9E14004D05D2 /* Assets.xcassets */ = {isa = PBXFileReference; lastKnownFileType = folder.assetcatalog; path = Assets.xcassets; sourceTree = "<group>"; };
		CCCCCF4D271E9E14004D05D2 /* Tnorn.app */ = {isa = PBXFileReference; explicitFileType = wrapper.application; includeInIndex = 0; path = Tnorn.app; sourceTree = BUILT_PRODUCTS_DIR; };
		CCCCCF53271E9E14004D05D2 /* Tnorn.app */ = {isa = PBXFileReference; explicitFileType = wrapper.application; includeInIndex = 0; path = Tnorn.app; sourceTree = BUILT_PRODUCTS_DIR; };
		CCCCCF55271E9E14004D05D2 /* macOS.entitlements */ = {isa = PBXFileReference; lastKnownFileType = text.plist.entitlements; path = macOS.entitlements; sourceTree = "<group>"; };
		CCCCCF6E271EA6F3004D05D2 /* WidgetKit.framework */ = {isa = PBXFileReference; lastKnownFileType = wrapper.framework; name = WidgetKit.framework; path = System/Library/Frameworks/WidgetKit.framework; sourceTree = SDKROOT; };
		CCCCCF70271EA6F3004D05D2 /* SwiftUI.framework */ = {isa = PBXFileReference; lastKnownFileType = wrapper.framework; name = SwiftUI.framework; path = System/Library/Frameworks/SwiftUI.framework; sourceTree = SDKROOT; };
		CCCCCF88271FD082004D05D2 /* AddTimeTable.swift */ = {isa = PBXFileReference; lastKnownFileType = sourcecode.swift; path = AddTimeTable.swift; sourceTree = "<group>"; };
		CCCCCF8B271FD12E004D05D2 /* CustomVIew.swift */ = {isa = PBXFileReference; lastKnownFileType = sourcecode.swift; path = CustomVIew.swift; sourceTree = "<group>"; };
/* End PBXFileReference section */

/* Begin PBXFrameworksBuildPhase section */
		CC43BD822756626B003080AE /* Frameworks */ = {
			isa = PBXFrameworksBuildPhase;
			buildActionMask = 2147483647;
			files = (
				CC43BD872756626B003080AE /* SwiftUI.framework in Frameworks */,
				CC43BD862756626B003080AE /* WidgetKit.framework in Frameworks */,
			);
			runOnlyForDeploymentPostprocessing = 0;
		};
		CCCCCF4A271E9E14004D05D2 /* Frameworks */ = {
			isa = PBXFrameworksBuildPhase;
			buildActionMask = 2147483647;
			files = (
			);
			runOnlyForDeploymentPostprocessing = 0;
		};
		CCCCCF50271E9E14004D05D2 /* Frameworks */ = {
			isa = PBXFrameworksBuildPhase;
			buildActionMask = 2147483647;
			files = (
			);
			runOnlyForDeploymentPostprocessing = 0;
		};
/* End PBXFrameworksBuildPhase section */

/* Begin PBXGroup section */
		CC43BD882756626B003080AE /* PresetWidget */ = {
			isa = PBXGroup;
			children = (
				CC43BD892756626B003080AE /* PresetWidget.swift */,
				CC43BD9427574455003080AE /* Stationdata.swift */,
				CC43BD8B2756626C003080AE /* Assets.xcassets */,
				CC43BD8D2756626C003080AE /* Info.plist */,
			);
			path = PresetWidget;
			sourceTree = "<group>";
		};
		CCCCCF3D271E9E12004D05D2 = {
			isa = PBXGroup;
			children = (
				CC492ADB2743897F0023787F /* TimeTableExtension.entitlements */,
				CCCCCF42271E9E12004D05D2 /* Shared */,
				CCCCCF54271E9E14004D05D2 /* macOS */,
				CC43BD882756626B003080AE /* PresetWidget */,
				CCCCCF6D271EA6F3004D05D2 /* Frameworks */,
				CCCCCF4E271E9E14004D05D2 /* Products */,
			);
			sourceTree = "<group>";
		};
		CCCCCF42271E9E12004D05D2 /* Shared */ = {
			isa = PBXGroup;
			children = (
				CCCCCF45271E9E12004D05D2 /* TnornApp.swift */,
				CCCCCF46271E9E12004D05D2 /* ContentView.swift */,
				CCCCCF88271FD082004D05D2 /* AddTimeTable.swift */,
				CC9145EA273A54330031E064 /* UpperTabView.swift */,
				CCCCCF47271E9E12004D05D2 /* Persistence.swift */,
				CCCCCF8B271FD12E004D05D2 /* CustomVIew.swift */,
				CCCCCF48271E9E14004D05D2 /* Assets.xcassets */,
				CC9145F0273A554B0031E064 /* ContentPageView.swift */,
				CCCCCF43271E9E12004D05D2 /* Tnorn.xcdatamodeld */,
				CCA6661A272FE7F60085B172 /* AddPreset.swift */,
			);
			path = Shared;
			sourceTree = "<group>";
		};
		CCCCCF4E271E9E14004D05D2 /* Products */ = {
			isa = PBXGroup;
			children = (
				CCCCCF4D271E9E14004D05D2 /* Tnorn.app */,
				CCCCCF53271E9E14004D05D2 /* Tnorn.app */,
				CC43BD852756626B003080AE /* PresetWidgetExtension.appex */,
			);
			name = Products;
			sourceTree = "<group>";
		};
		CCCCCF54271E9E14004D05D2 /* macOS */ = {
			isa = PBXGroup;
			children = (
				CCCCCF55271E9E14004D05D2 /* macOS.entitlements */,
			);
			path = macOS;
			sourceTree = "<group>";
		};
		CCCCCF6D271EA6F3004D05D2 /* Frameworks */ = {
			isa = PBXGroup;
			children = (
				CCCCCF6E271EA6F3004D05D2 /* WidgetKit.framework */,
				CCCCCF70271EA6F3004D05D2 /* SwiftUI.framework */,
			);
			name = Frameworks;
			sourceTree = "<group>";
		};
/* End PBXGroup section */

/* Begin PBXNativeTarget section */
		CC43BD842756626B003080AE /* PresetWidgetExtension */ = {
			isa = PBXNativeTarget;
			buildConfigurationList = CC43BD932756626C003080AE /* Build configuration list for PBXNativeTarget "PresetWidgetExtension" */;
			buildPhases = (
				CC43BD812756626B003080AE /* Sources */,
				CC43BD822756626B003080AE /* Frameworks */,
				CC43BD832756626B003080AE /* Resources */,
			);
			buildRules = (
			);
			dependencies = (
			);
			name = PresetWidgetExtension;
			productName = PresetWidgetExtension;
			productReference = CC43BD852756626B003080AE /* PresetWidgetExtension.appex */;
			productType = "com.apple.product-type.app-extension";
		};
		CCCCCF4C271E9E14004D05D2 /* Tnorn (iOS) */ = {
			isa = PBXNativeTarget;
			buildConfigurationList = CCCCCF62271E9E14004D05D2 /* Build configuration list for PBXNativeTarget "Tnorn (iOS)" */;
			buildPhases = (
				CCCCCF49271E9E14004D05D2 /* Sources */,
				CCCCCF4A271E9E14004D05D2 /* Frameworks */,
				CCCCCF4B271E9E14004D05D2 /* Resources */,
				CCCCCF81271EA6F5004D05D2 /* Embed App Extensions */,
			);
			buildRules = (
			);
			dependencies = (
				CC43BD8F2756626C003080AE /* PBXTargetDependency */,
			);
			name = "Tnorn (iOS)";
			productName = "Tnorn (iOS)";
			productReference = CCCCCF4D271E9E14004D05D2 /* Tnorn.app */;
			productType = "com.apple.product-type.application";
		};
		CCCCCF52271E9E14004D05D2 /* Tnorn (macOS) */ = {
			isa = PBXNativeTarget;
			buildConfigurationList = CCCCCF65271E9E14004D05D2 /* Build configuration list for PBXNativeTarget "Tnorn (macOS)" */;
			buildPhases = (
				CCCCCF4F271E9E14004D05D2 /* Sources */,
				CCCCCF50271E9E14004D05D2 /* Frameworks */,
				CCCCCF51271E9E14004D05D2 /* Resources */,
			);
			buildRules = (
			);
			dependencies = (
			);
			name = "Tnorn (macOS)";
			productName = "Tnorn (macOS)";
			productReference = CCCCCF53271E9E14004D05D2 /* Tnorn.app */;
			productType = "com.apple.product-type.application";
		};
/* End PBXNativeTarget section */

/* Begin PBXProject section */
		CCCCCF3E271E9E12004D05D2 /* Project object */ = {
			isa = PBXProject;
			attributes = {
				BuildIndependentTargetsInParallel = 1;
				LastSwiftUpdateCheck = 1310;
				LastUpgradeCheck = 1310;
				TargetAttributes = {
					CC43BD842756626B003080AE = {
						CreatedOnToolsVersion = 13.1;
					};
					CCCCCF4C271E9E14004D05D2 = {
						CreatedOnToolsVersion = 13.0;
					};
					CCCCCF52271E9E14004D05D2 = {
						CreatedOnToolsVersion = 13.0;
					};
				};
			};
			buildConfigurationList = CCCCCF41271E9E12004D05D2 /* Build configuration list for PBXProject "Tnorn" */;
			compatibilityVersion = "Xcode 13.0";
			developmentRegion = en;
			hasScannedForEncodings = 0;
			knownRegions = (
				en,
				Base,
			);
			mainGroup = CCCCCF3D271E9E12004D05D2;
			productRefGroup = CCCCCF4E271E9E14004D05D2 /* Products */;
			projectDirPath = "";
			projectRoot = "";
			targets = (
				CCCCCF4C271E9E14004D05D2 /* Tnorn (iOS) */,
				CCCCCF52271E9E14004D05D2 /* Tnorn (macOS) */,
				CC43BD842756626B003080AE /* PresetWidgetExtension */,
			);
		};
/* End PBXProject section */

/* Begin PBXResourcesBuildPhase section */
		CC43BD832756626B003080AE /* Resources */ = {
			isa = PBXResourcesBuildPhase;
			buildActionMask = 2147483647;
			files = (
				CC43BD8C2756626C003080AE /* Assets.xcassets in Resources */,
			);
			runOnlyForDeploymentPostprocessing = 0;
		};
		CCCCCF4B271E9E14004D05D2 /* Resources */ = {
			isa = PBXResourcesBuildPhase;
			buildActionMask = 2147483647;
			files = (
				CCCCCF5E271E9E14004D05D2 /* Assets.xcassets in Resources */,
			);
			runOnlyForDeploymentPostprocessing = 0;
		};
		CCCCCF51271E9E14004D05D2 /* Resources */ = {
			isa = PBXResourcesBuildPhase;
			buildActionMask = 2147483647;
			files = (
				CCCCCF5F271E9E14004D05D2 /* Assets.xcassets in Resources */,
			);
			runOnlyForDeploymentPostprocessing = 0;
		};
/* End PBXResourcesBuildPhase section */

/* Begin PBXSourcesBuildPhase section */
		CC43BD812756626B003080AE /* Sources */ = {
			isa = PBXSourcesBuildPhase;
			buildActionMask = 2147483647;
			files = (
				CC43BD9527574455003080AE /* Stationdata.swift in Sources */,
				CC43BD8A2756626B003080AE /* PresetWidget.swift in Sources */,
			);
			runOnlyForDeploymentPostprocessing = 0;
		};
		CCCCCF49271E9E14004D05D2 /* Sources */ = {
			isa = PBXSourcesBuildPhase;
			buildActionMask = 2147483647;
			files = (
				CC9145EB273A54330031E064 /* UpperTabView.swift in Sources */,
				CCCCCF89271FD082004D05D2 /* AddTimeTable.swift in Sources */,
				CCCCCF8C271FD12E004D05D2 /* CustomVIew.swift in Sources */,
				CC9145F1273A554B0031E064 /* ContentPageView.swift in Sources */,
				CCCCCF56271E9E14004D05D2 /* Tnorn.xcdatamodeld in Sources */,
				CCCCCF5C271E9E14004D05D2 /* Persistence.swift in Sources */,
				CCA6661B272FE7F60085B172 /* AddPreset.swift in Sources */,
				CCCCCF58271E9E14004D05D2 /* TnornApp.swift in Sources */,
				CCCCCF5A271E9E14004D05D2 /* ContentView.swift in Sources */,
			);
			runOnlyForDeploymentPostprocessing = 0;
		};
		CCCCCF4F271E9E14004D05D2 /* Sources */ = {
			isa = PBXSourcesBuildPhase;
			buildActionMask = 2147483647;
			files = (
				CCCCCF57271E9E14004D05D2 /* Tnorn.xcdatamodeld in Sources */,
				CCCCCF5D271E9E14004D05D2 /* Persistence.swift in Sources */,
				CCCCCF59271E9E14004D05D2 /* TnornApp.swift in Sources */,
				CC9145EC273A54330031E064 /* UpperTabView.swift in Sources */,
				CCCCCF5B271E9E14004D05D2 /* ContentView.swift in Sources */,
				CCA6661C272FE7F60085B172 /* AddPreset.swift in Sources */,
				CCCCCF8D271FD12E004D05D2 /* CustomVIew.swift in Sources */,
				CC9145F2273A554B0031E064 /* ContentPageView.swift in Sources */,
				CCCCCF8A271FD082004D05D2 /* AddTimeTable.swift in Sources */,
			);
			runOnlyForDeploymentPostprocessing = 0;
		};
/* End PBXSourcesBuildPhase section */

/* Begin PBXTargetDependency section */
		CC43BD8F2756626C003080AE /* PBXTargetDependency */ = {
			isa = PBXTargetDependency;
			target = CC43BD842756626B003080AE /* PresetWidgetExtension */;
			targetProxy = CC43BD8E2756626C003080AE /* PBXContainerItemProxy */;
		};
/* End PBXTargetDependency section */

/* Begin XCBuildConfiguration section */
		CC43BD912756626C003080AE /* Debug */ = {
			isa = XCBuildConfiguration;
			buildSettings = {
				ASSETCATALOG_COMPILER_GLOBAL_ACCENT_COLOR_NAME = AccentColor;
				ASSETCATALOG_COMPILER_WIDGET_BACKGROUND_COLOR_NAME = WidgetBackground;
				CODE_SIGN_STYLE = Automatic;
				CURRENT_PROJECT_VERSION = 1;
				DEVELOPMENT_TEAM = RSD98VR55R;
				GENERATE_INFOPLIST_FILE = YES;
				INFOPLIST_FILE = PresetWidget/Info.plist;
				INFOPLIST_KEY_CFBundleDisplayName = PresetWidget;
				INFOPLIST_KEY_NSHumanReadableCopyright = "";
				IPHONEOS_DEPLOYMENT_TARGET = 15.0;
				LD_RUNPATH_SEARCH_PATHS = (
					"$(inherited)",
					"@executable_path/Frameworks",
					"@executable_path/../../Frameworks",
				);
				MARKETING_VERSION = 1.0;
				PRODUCT_BUNDLE_IDENTIFIER = com.Tnorn.PresetWidget;
				PRODUCT_NAME = "$(TARGET_NAME)";
				SDKROOT = iphoneos;
				SKIP_INSTALL = YES;
				SWIFT_EMIT_LOC_STRINGS = YES;
				SWIFT_VERSION = 5.0;
				TARGETED_DEVICE_FAMILY = "1,2";
			};
			name = Debug;
		};
		CC43BD922756626C003080AE /* Release */ = {
			isa = XCBuildConfiguration;
			buildSettings = {
				ASSETCATALOG_COMPILER_GLOBAL_ACCENT_COLOR_NAME = AccentColor;
				ASSETCATALOG_COMPILER_WIDGET_BACKGROUND_COLOR_NAME = WidgetBackground;
				CODE_SIGN_STYLE = Automatic;
				CURRENT_PROJECT_VERSION = 1;
				DEVELOPMENT_TEAM = RSD98VR55R;
				GENERATE_INFOPLIST_FILE = YES;
				INFOPLIST_FILE = PresetWidget/Info.plist;
				INFOPLIST_KEY_CFBundleDisplayName = PresetWidget;
				INFOPLIST_KEY_NSHumanReadableCopyright = "";
				IPHONEOS_DEPLOYMENT_TARGET = 15.0;
				LD_RUNPATH_SEARCH_PATHS = (
					"$(inherited)",
					"@executable_path/Frameworks",
					"@executable_path/../../Frameworks",
				);
				MARKETING_VERSION = 1.0;
				PRODUCT_BUNDLE_IDENTIFIER = com.Tnorn.PresetWidget;
				PRODUCT_NAME = "$(TARGET_NAME)";
				SDKROOT = iphoneos;
				SKIP_INSTALL = YES;
				SWIFT_EMIT_LOC_STRINGS = YES;
				SWIFT_VERSION = 5.0;
				TARGETED_DEVICE_FAMILY = "1,2";
				VALIDATE_PRODUCT = YES;
			};
			name = Release;
		};
		CCCCCF60271E9E14004D05D2 /* Debug */ = {
			isa = XCBuildConfiguration;
			buildSettings = {
				ALWAYS_SEARCH_USER_PATHS = NO;
				CLANG_ANALYZER_NONNULL = YES;
				CLANG_ANALYZER_NUMBER_OBJECT_CONVERSION = YES_AGGRESSIVE;
				CLANG_CXX_LANGUAGE_STANDARD = "gnu++17";
				CLANG_CXX_LIBRARY = "libc++";
				CLANG_ENABLE_MODULES = YES;
				CLANG_ENABLE_OBJC_ARC = YES;
				CLANG_ENABLE_OBJC_WEAK = YES;
				CLANG_WARN_BLOCK_CAPTURE_AUTORELEASING = YES;
				CLANG_WARN_BOOL_CONVERSION = YES;
				CLANG_WARN_COMMA = YES;
				CLANG_WARN_CONSTANT_CONVERSION = YES;
				CLANG_WARN_DEPRECATED_OBJC_IMPLEMENTATIONS = YES;
				CLANG_WARN_DIRECT_OBJC_ISA_USAGE = YES_ERROR;
				CLANG_WARN_DOCUMENTATION_COMMENTS = YES;
				CLANG_WARN_EMPTY_BODY = YES;
				CLANG_WARN_ENUM_CONVERSION = YES;
				CLANG_WARN_INFINITE_RECURSION = YES;
				CLANG_WARN_INT_CONVERSION = YES;
				CLANG_WARN_NON_LITERAL_NULL_CONVERSION = YES;
				CLANG_WARN_OBJC_IMPLICIT_RETAIN_SELF = YES;
				CLANG_WARN_OBJC_LITERAL_CONVERSION = YES;
				CLANG_WARN_OBJC_ROOT_CLASS = YES_ERROR;
				CLANG_WARN_QUOTED_INCLUDE_IN_FRAMEWORK_HEADER = YES;
				CLANG_WARN_RANGE_LOOP_ANALYSIS = YES;
				CLANG_WARN_STRICT_PROTOTYPES = YES;
				CLANG_WARN_SUSPICIOUS_MOVE = YES;
				CLANG_WARN_UNGUARDED_AVAILABILITY = YES_AGGRESSIVE;
				CLANG_WARN_UNREACHABLE_CODE = YES;
				CLANG_WARN__DUPLICATE_METHOD_MATCH = YES;
				COPY_PHASE_STRIP = NO;
				DEBUG_INFORMATION_FORMAT = dwarf;
				ENABLE_STRICT_OBJC_MSGSEND = YES;
				ENABLE_TESTABILITY = YES;
				GCC_C_LANGUAGE_STANDARD = gnu11;
				GCC_DYNAMIC_NO_PIC = NO;
				GCC_NO_COMMON_BLOCKS = YES;
				GCC_OPTIMIZATION_LEVEL = 0;
				GCC_PREPROCESSOR_DEFINITIONS = (
					"DEBUG=1",
					"$(inherited)",
				);
				GCC_WARN_64_TO_32_BIT_CONVERSION = YES;
				GCC_WARN_ABOUT_RETURN_TYPE = YES_ERROR;
				GCC_WARN_UNDECLARED_SELECTOR = YES;
				GCC_WARN_UNINITIALIZED_AUTOS = YES_AGGRESSIVE;
				GCC_WARN_UNUSED_FUNCTION = YES;
				GCC_WARN_UNUSED_VARIABLE = YES;
				MTL_ENABLE_DEBUG_INFO = INCLUDE_SOURCE;
				MTL_FAST_MATH = YES;
				ONLY_ACTIVE_ARCH = YES;
				SWIFT_ACTIVE_COMPILATION_CONDITIONS = DEBUG;
				SWIFT_OPTIMIZATION_LEVEL = "-Onone";
			};
			name = Debug;
		};
		CCCCCF61271E9E14004D05D2 /* Release */ = {
			isa = XCBuildConfiguration;
			buildSettings = {
				ALWAYS_SEARCH_USER_PATHS = NO;
				CLANG_ANALYZER_NONNULL = YES;
				CLANG_ANALYZER_NUMBER_OBJECT_CONVERSION = YES_AGGRESSIVE;
				CLANG_CXX_LANGUAGE_STANDARD = "gnu++17";
				CLANG_CXX_LIBRARY = "libc++";
				CLANG_ENABLE_MODULES = YES;
				CLANG_ENABLE_OBJC_ARC = YES;
				CLANG_ENABLE_OBJC_WEAK = YES;
				CLANG_WARN_BLOCK_CAPTURE_AUTORELEASING = YES;
				CLANG_WARN_BOOL_CONVERSION = YES;
				CLANG_WARN_COMMA = YES;
				CLANG_WARN_CONSTANT_CONVERSION = YES;
				CLANG_WARN_DEPRECATED_OBJC_IMPLEMENTATIONS = YES;
				CLANG_WARN_DIRECT_OBJC_ISA_USAGE = YES_ERROR;
				CLANG_WARN_DOCUMENTATION_COMMENTS = YES;
				CLANG_WARN_EMPTY_BODY = YES;
				CLANG_WARN_ENUM_CONVERSION = YES;
				CLANG_WARN_INFINITE_RECURSION = YES;
				CLANG_WARN_INT_CONVERSION = YES;
				CLANG_WARN_NON_LITERAL_NULL_CONVERSION = YES;
				CLANG_WARN_OBJC_IMPLICIT_RETAIN_SELF = YES;
				CLANG_WARN_OBJC_LITERAL_CONVERSION = YES;
				CLANG_WARN_OBJC_ROOT_CLASS = YES_ERROR;
				CLANG_WARN_QUOTED_INCLUDE_IN_FRAMEWORK_HEADER = YES;
				CLANG_WARN_RANGE_LOOP_ANALYSIS = YES;
				CLANG_WARN_STRICT_PROTOTYPES = YES;
				CLANG_WARN_SUSPICIOUS_MOVE = YES;
				CLANG_WARN_UNGUARDED_AVAILABILITY = YES_AGGRESSIVE;
				CLANG_WARN_UNREACHABLE_CODE = YES;
				CLANG_WARN__DUPLICATE_METHOD_MATCH = YES;
				COPY_PHASE_STRIP = NO;
				DEBUG_INFORMATION_FORMAT = "dwarf-with-dsym";
				ENABLE_NS_ASSERTIONS = NO;
				ENABLE_STRICT_OBJC_MSGSEND = YES;
				GCC_C_LANGUAGE_STANDARD = gnu11;
				GCC_NO_COMMON_BLOCKS = YES;
				GCC_WARN_64_TO_32_BIT_CONVERSION = YES;
				GCC_WARN_ABOUT_RETURN_TYPE = YES_ERROR;
				GCC_WARN_UNDECLARED_SELECTOR = YES;
				GCC_WARN_UNINITIALIZED_AUTOS = YES_AGGRESSIVE;
				GCC_WARN_UNUSED_FUNCTION = YES;
				GCC_WARN_UNUSED_VARIABLE = YES;
				MTL_ENABLE_DEBUG_INFO = NO;
				MTL_FAST_MATH = YES;
				SWIFT_COMPILATION_MODE = wholemodule;
				SWIFT_OPTIMIZATION_LEVEL = "-O";
			};
			name = Release;
		};
		CCCCCF63271E9E14004D05D2 /* Debug */ = {
			isa = XCBuildConfiguration;
			buildSettings = {
				ALWAYS_EMBED_SWIFT_STANDARD_LIBRARIES = YES;
				ASSETCATALOG_COMPILER_APPICON_NAME = AppIcon;
				ASSETCATALOG_COMPILER_GLOBAL_ACCENT_COLOR_NAME = AccentColor;
				CODE_SIGN_STYLE = Automatic;
				CURRENT_PROJECT_VERSION = 1;
				DEVELOPMENT_TEAM = RSD98VR55R;
				ENABLE_PREVIEWS = YES;
				GENERATE_INFOPLIST_FILE = YES;
				INFOPLIST_KEY_UIApplicationSceneManifest_Generation = YES;
				INFOPLIST_KEY_UIApplicationSupportsIndirectInputEvents = YES;
				INFOPLIST_KEY_UILaunchScreen_Generation = YES;
				INFOPLIST_KEY_UISupportedInterfaceOrientations_iPad = "UIInterfaceOrientationPortrait UIInterfaceOrientationPortraitUpsideDown UIInterfaceOrientationLandscapeLeft UIInterfaceOrientationLandscapeRight";
				INFOPLIST_KEY_UISupportedInterfaceOrientations_iPhone = "UIInterfaceOrientationPortrait UIInterfaceOrientationLandscapeLeft UIInterfaceOrientationLandscapeRight";
				IPHONEOS_DEPLOYMENT_TARGET = 14.0;
				LD_RUNPATH_SEARCH_PATHS = (
					"$(inherited)",
					"@executable_path/Frameworks",
				);
				MARKETING_VERSION = 1.0;
				PRODUCT_BUNDLE_IDENTIFIER = com.Tnorn;
				PRODUCT_NAME = Tnorn;
				SDKROOT = iphoneos;
				SWIFT_EMIT_LOC_STRINGS = YES;
				SWIFT_VERSION = 5.0;
				TARGETED_DEVICE_FAMILY = "1,2";
			};
			name = Debug;
		};
		CCCCCF64271E9E14004D05D2 /* Release */ = {
			isa = XCBuildConfiguration;
			buildSettings = {
				ALWAYS_EMBED_SWIFT_STANDARD_LIBRARIES = YES;
				ASSETCATALOG_COMPILER_APPICON_NAME = AppIcon;
				ASSETCATALOG_COMPILER_GLOBAL_ACCENT_COLOR_NAME = AccentColor;
				CODE_SIGN_STYLE = Automatic;
				CURRENT_PROJECT_VERSION = 1;
				DEVELOPMENT_TEAM = RSD98VR55R;
				ENABLE_PREVIEWS = YES;
				GENERATE_INFOPLIST_FILE = YES;
				INFOPLIST_KEY_UIApplicationSceneManifest_Generation = YES;
				INFOPLIST_KEY_UIApplicationSupportsIndirectInputEvents = YES;
				INFOPLIST_KEY_UILaunchScreen_Generation = YES;
				INFOPLIST_KEY_UISupportedInterfaceOrientations_iPad = "UIInterfaceOrientationPortrait UIInterfaceOrientationPortraitUpsideDown UIInterfaceOrientationLandscapeLeft UIInterfaceOrientationLandscapeRight";
				INFOPLIST_KEY_UISupportedInterfaceOrientations_iPhone = "UIInterfaceOrientationPortrait UIInterfaceOrientationLandscapeLeft UIInterfaceOrientationLandscapeRight";
				IPHONEOS_DEPLOYMENT_TARGET = 14.0;
				LD_RUNPATH_SEARCH_PATHS = (
					"$(inherited)",
					"@executable_path/Frameworks",
				);
				MARKETING_VERSION = 1.0;
				PRODUCT_BUNDLE_IDENTIFIER = com.Tnorn;
				PRODUCT_NAME = Tnorn;
				SDKROOT = iphoneos;
				SWIFT_EMIT_LOC_STRINGS = YES;
				SWIFT_VERSION = 5.0;
				TARGETED_DEVICE_FAMILY = "1,2";
				VALIDATE_PRODUCT = YES;
			};
			name = Release;
		};
		CCCCCF66271E9E14004D05D2 /* Debug */ = {
			isa = XCBuildConfiguration;
			buildSettings = {
				ASSETCATALOG_COMPILER_APPICON_NAME = AppIcon;
				ASSETCATALOG_COMPILER_GLOBAL_ACCENT_COLOR_NAME = AccentColor;
				CODE_SIGN_ENTITLEMENTS = macOS/macOS.entitlements;
				CODE_SIGN_IDENTITY = "-";
				CODE_SIGN_STYLE = Automatic;
				COMBINE_HIDPI_IMAGES = YES;
				CURRENT_PROJECT_VERSION = 1;
				DEVELOPMENT_TEAM = RSD98VR55R;
				ENABLE_HARDENED_RUNTIME = YES;
				ENABLE_PREVIEWS = YES;
				GENERATE_INFOPLIST_FILE = YES;
				INFOPLIST_KEY_NSHumanReadableCopyright = "";
				LD_RUNPATH_SEARCH_PATHS = (
					"$(inherited)",
					"@executable_path/../Frameworks",
				);
				MACOSX_DEPLOYMENT_TARGET = 11.0;
				MARKETING_VERSION = 1.0;
				PRODUCT_BUNDLE_IDENTIFIER = com.Tnorn;
				PRODUCT_NAME = Tnorn;
				SDKROOT = macosx;
				SWIFT_EMIT_LOC_STRINGS = YES;
				SWIFT_VERSION = 5.0;
			};
			name = Debug;
		};
		CCCCCF67271E9E14004D05D2 /* Release */ = {
			isa = XCBuildConfiguration;
			buildSettings = {
				ASSETCATALOG_COMPILER_APPICON_NAME = AppIcon;
				ASSETCATALOG_COMPILER_GLOBAL_ACCENT_COLOR_NAME = AccentColor;
				CODE_SIGN_ENTITLEMENTS = macOS/macOS.entitlements;
				CODE_SIGN_IDENTITY = "-";
				CODE_SIGN_STYLE = Automatic;
				COMBINE_HIDPI_IMAGES = YES;
				CURRENT_PROJECT_VERSION = 1;
				DEVELOPMENT_TEAM = RSD98VR55R;
				ENABLE_HARDENED_RUNTIME = YES;
				ENABLE_PREVIEWS = YES;
				GENERATE_INFOPLIST_FILE = YES;
				INFOPLIST_KEY_NSHumanReadableCopyright = "";
				LD_RUNPATH_SEARCH_PATHS = (
					"$(inherited)",
					"@executable_path/../Frameworks",
				);
				MACOSX_DEPLOYMENT_TARGET = 11.0;
				MARKETING_VERSION = 1.0;
				PRODUCT_BUNDLE_IDENTIFIER = com.Tnorn;
				PRODUCT_NAME = Tnorn;
				SDKROOT = macosx;
				SWIFT_EMIT_LOC_STRINGS = YES;
				SWIFT_VERSION = 5.0;
			};
			name = Release;
		};
/* End XCBuildConfiguration section */

/* Begin XCConfigurationList section */
		CC43BD932756626C003080AE /* Build configuration list for PBXNativeTarget "PresetWidgetExtension" */ = {
			isa = XCConfigurationList;
			buildConfigurations = (
				CC43BD912756626C003080AE /* Debug */,
				CC43BD922756626C003080AE /* Release */,
			);
			defaultConfigurationIsVisible = 0;
			defaultConfigurationName = Release;
		};
		CCCCCF41271E9E12004D05D2 /* Build configuration list for PBXProject "Tnorn" */ = {
			isa = XCConfigurationList;
			buildConfigurations = (
				CCCCCF60271E9E14004D05D2 /* Debug */,
				CCCCCF61271E9E14004D05D2 /* Release */,
			);
			defaultConfigurationIsVisible = 0;
			defaultConfigurationName = Release;
		};
		CCCCCF62271E9E14004D05D2 /* Build configuration list for PBXNativeTarget "Tnorn (iOS)" */ = {
			isa = XCConfigurationList;
			buildConfigurations = (
				CCCCCF63271E9E14004D05D2 /* Debug */,
				CCCCCF64271E9E14004D05D2 /* Release */,
			);
			defaultConfigurationIsVisible = 0;
			defaultConfigurationName = Release;
		};
		CCCCCF65271E9E14004D05D2 /* Build configuration list for PBXNativeTarget "Tnorn (macOS)" */ = {
			isa = XCConfigurationList;
			buildConfigurations = (
				CCCCCF66271E9E14004D05D2 /* Debug */,
				CCCCCF67271E9E14004D05D2 /* Release */,
			);
			defaultConfigurationIsVisible = 0;
			defaultConfigurationName = Release;
		};
/* End XCConfigurationList section */

/* Begin XCVersionGroup section */
		CCCCCF43271E9E12004D05D2 /* Tnorn.xcdatamodeld */ = {
			isa = XCVersionGroup;
			children = (
				CCCCCF44271E9E12004D05D2 /* Shared.xcdatamodel */,
			);
			currentVersion = CCCCCF44271E9E12004D05D2 /* Shared.xcdatamodel */;
			path = Tnorn.xcdatamodeld;
			sourceTree = "<group>";
			versionGroupType = wrapper.xcdatamodel;
		};
/* End XCVersionGroup section */
	};
	rootObject = CCCCCF3E271E9E12004D05D2 /* Project object */;
}
